
Microsoft Visual Studio Solution File, Format Version 12.00
# Visual Studio Version 16
VisualStudioVersion = 16.0.31313.79
MinimumVisualStudioVersion = 10.0.40219.1
Project("{FAE04EC0-301F-11D3-BF4B-00C04F79EFBC}") = "AppSqlLite.Android", "AppSqlLite\AppSqlLite.Android\AppSqlLite.Android.csproj", "{9CB84896-7BD1-481F-9B28-218C8CAEB4D1}"
EndProject
Project("{FAE04EC0-301F-11D3-BF4B-00C04F79EFBC}") = "AppSqlLite.iOS", "AppSqlLite\AppSqlLite.iOS\AppSqlLite.iOS.csproj", "{139CEBDC-E605-43E3-B0FA-48BF639132DA}"
EndProject
Project("{FAE04EC0-301F-11D3-BF4B-00C04F79EFBC}") = "AppSqlLite", "AppSqlLite\AppSqlLite\AppSqlLite.csproj", "{1A625EE5-700D-4193-8790-E54643424DE3}"
EndProject
Global
	GlobalSection(SolutionConfigurationPlatforms) = preSolution
		Debug|Any CPU = Debug|Any CPU
		Debug|iPhone = Debug|iPhone
		Debug|iPhoneSimulator = Debug|iPhoneSimulator
		Release|Any CPU = Release|Any CPU
		Release|iPhone = Release|iPhone
		Release|iPhoneSimulator = Release|iPhoneSimulator
	EndGlobalSection
	GlobalSection(ProjectConfigurationPlatforms) = postSolution
		{9CB84896-7BD1-481F-9B28-218C8CAEB4D1}.Debug|Any CPU.ActiveCfg = Debug|Any CPU
		{9CB84896-7BD1-481F-9B28-218C8CAEB4D1}.Debug|Any CPU.Build.0 = Debug|Any CPU
		{9CB84896-7BD1-481F-9B28-218C8CAEB4D1}.Debug|Any CPU.Deploy.0 = Debug|Any CPU
		{9CB84896-7BD1-481F-9B28-218C8CAEB4D1}.Debug|iPhone.ActiveCfg = Debug|Any CPU
		{9CB84896-7BD1-481F-9B28-218C8CAEB4D1}.Debug|iPhone.Build.0 = Debug|Any CPU
		{9CB84896-7BD1-481F-9B28-218C8CAEB4D1}.Debug|iPhone.Deploy.0 = Debug|Any CPU
		{9CB84896-7BD1-481F-9B28-218C8CAEB4D1}.Debug|iPhoneSimulator.ActiveCfg = Debug|Any CPU
		{9CB84896-7BD1-481F-9B28-218C8CAEB4D1}.Debug|iPhoneSimulator.Build.0 = Debug|Any CPU
		{9CB84896-7BD1-481F-9B28-218C8CAEB4D1}.Debug|iPhoneSimulator.Deploy.0 = Debug|Any CPU
		{9CB84896-7BD1-481F-9B28-218C8CAEB4D1}.Release|Any CPU.ActiveCfg = Release|Any CPU
		{9CB84896-7BD1-481F-9B28-218C8CAEB4D1}.Release|Any CPU.Build.0 = Release|Any CPU
		{9CB84896-7BD1-481F-9B28-218C8CAEB4D1}.Release|Any CPU.Deploy.0 = Release|Any CPU
		{9CB84896-7BD1-481F-9B28-218C8CAEB4D1}.Release|iPhone.ActiveCfg = Release|Any CPU
		{9CB84896-7BD1-481F-9B28-218C8CAEB4D1}.Release|iPhone.Build.0 = Release|Any CPU
		{9CB84896-7BD1-481F-9B28-218C8CAEB4D1}.Release|iPhone.Deploy.0 = Release|Any CPU
		{9CB84896-7BD1-481F-9B28-218C8CAEB4D1}.Release|iPhoneSimulator.ActiveCfg = Release|Any CPU
		{9CB84896-7BD1-481F-9B28-218C8CAEB4D1}.Release|iPhoneSimulator.Build.0 = Release|Any CPU
		{9CB84896-7BD1-481F-9B28-218C8CAEB4D1}.Release|iPhoneSimulator.Deploy.0 = Release|Any CPU
		{139CEBDC-E605-43E3-B0FA-48BF639132DA}.Debug|Any CPU.ActiveCfg = Debug|iPhone
		{139CEBDC-E605-43E3-B0FA-48BF639132DA}.Debug|Any CPU.Build.0 = Debug|iPhone
		{139CEBDC-E605-43E3-B0FA-48BF639132DA}.Debug|Any CPU.Deploy.0 = Debug|iPhone
		{139CEBDC-E605-43E3-B0FA-48BF639132DA}.Debug|iPhone.ActiveCfg = Debug|iPhone
		{139CEBDC-E605-43E3-B0FA-48BF639132DA}.Debug|iPhone.Build.0 = Debug|iPhone
		{139CEBDC-E605-43E3-B0FA-48BF639132DA}.Debug|iPhone.Deploy.0 = Debug|iPhone
		{139CEBDC-E605-43E3-B0FA-48BF639132DA}.Debug|iPhoneSimulator.ActiveCfg = Debug|iPhoneSimulator
		{139CEBDC-E605-43E3-B0FA-48BF639132DA}.Debug|iPhoneSimulator.Build.0 = Debug|iPhoneSimulator
		{139CEBDC-E605-43E3-B0FA-48BF639132DA}.Debug|iPhoneSimulator.Deploy.0 = Debug|iPhoneSimulator
		{139CEBDC-E605-43E3-B0FA-48BF639132DA}.Release|Any CPU.ActiveCfg = Release|iPhoneSimulator
		{139CEBDC-E605-43E3-B0FA-48BF639132DA}.Release|Any CPU.Build.0 = Release|iPhoneSimulator
		{139CEBDC-E605-43E3-B0FA-48BF639132DA}.Release|Any CPU.Deploy.0 = Release|iPhoneSimulator
		{139CEBDC-E605-43E3-B0FA-48BF639132DA}.Release|iPhone.ActiveCfg = Release|iPhone
		{139CEBDC-E605-43E3-B0FA-48BF639132DA}.Release|iPhone.Build.0 = Release|iPhone
		{139CEBDC-E605-43E3-B0FA-48BF639132DA}.Release|iPhone.Deploy.0 = Release|iPhone
		{139CEBDC-E605-43E3-B0FA-48BF639132DA}.Release|iPhoneSimulator.ActiveCfg = Release|iPhoneSimulator
		{139CEBDC-E605-43E3-B0FA-48BF639132DA}.Release|iPhoneSimulator.Build.0 = Release|iPhoneSimulator
		{139CEBDC-E605-43E3-B0FA-48BF639132DA}.Release|iPhoneSimulator.Deploy.0 = Release|iPhoneSimulator
		{1A625EE5-700D-4193-8790-E54643424DE3}.Debug|Any CPU.ActiveCfg = Debug|Any CPU
		{1A625EE5-700D-4193-8790-E54643424DE3}.Debug|Any CPU.Build.0 = Debug|Any CPU
		{1A625EE5-700D-4193-8790-E54643424DE3}.Debug|Any CPU.Deploy.0 = Debug|Any CPU
		{1A625EE5-700D-4193-8790-E54643424DE3}.Debug|iPhone.ActiveCfg = Debug|Any CPU
		{1A625EE5-700D-4193-8790-E54643424DE3}.Debug|iPhone.Build.0 = Debug|Any CPU
		{1A625EE5-700D-4193-8790-E54643424DE3}.Debug|iPhone.Deploy.0 = Debug|Any CPU
		{1A625EE5-700D-4193-8790-E54643424DE3}.Debug|iPhoneSimulator.ActiveCfg = Debug|Any CPU
		{1A625EE5-700D-4193-8790-E54643424DE3}.Debug|iPhoneSimulator.Build.0 = Debug|Any CPU
		{1A625EE5-700D-4193-8790-E54643424DE3}.Debug|iPhoneSimulator.Deploy.0 = Debug|Any CPU
		{1A625EE5-700D-4193-8790-E54643424DE3}.Release|Any CPU.ActiveCfg = Release|Any CPU
		{1A625EE5-700D-4193-8790-E54643424DE3}.Release|Any CPU.Build.0 = Release|Any CPU
		{1A625EE5-700D-4193-8790-E54643424DE3}.Release|Any CPU.Deploy.0 = Release|Any CPU
		{1A625EE5-700D-4193-8790-E54643424DE3}.Release|iPhone.ActiveCfg = Release|Any CPU
		{1A625EE5-700D-4193-8790-E54643424DE3}.Release|iPhone.Build.0 = Release|Any CPU
		{1A625EE5-700D-4193-8790-E54643424DE3}.Release|iPhone.Deploy.0 = Release|Any CPU
		{1A625EE5-700D-4193-8790-E54643424DE3}.Release|iPhoneSimulator.ActiveCfg = Release|Any CPU
		{1A625EE5-700D-4193-8790-E54643424DE3}.Release|iPhoneSimulator.Build.0 = Release|Any CPU
		{1A625EE5-700D-4193-8790-E54643424DE3}.Release|iPhoneSimulator.Deploy.0 = Release|Any CPU
	EndGlobalSection
	GlobalSection(SolutionProperties) = preSolution
		HideSolutionNode = FALSE
	EndGlobalSection
	GlobalSection(ExtensibilityGlobals) = postSolution
		SolutionGuid = {FF660F9A-1B97-4D12-B2F5-C8632229007F}
	EndGlobalSection
EndGlobal
